
Microsoft Visual Studio Solution File, Format Version 12.00
# Visual Studio Version 17
VisualStudioVersion = 17.2.32630.192
MinimumVisualStudioVersion = 10.0.40219.1
Project("{888888A0-9F3D-457C-B088-3A5042F75D52}") = "FirstLvlTasks", "FirstLvlTasks\FirstLvlTasks.pyproj", "{AB95646D-CDB6-40AD-B7B9-0BFE5374F7E2}"
EndProject
Global
	GlobalSection(SolutionConfigurationPlatforms) = preSolution
		Debug|Any CPU = Debug|Any CPU
		Release|Any CPU = Release|Any CPU
	EndGlobalSection
	GlobalSection(ProjectConfigurationPlatforms) = postSolution
		{AB95646D-CDB6-40AD-B7B9-0BFE5374F7E2}.Debug|Any CPU.ActiveCfg = Debug|Any CPU
		{AB95646D-CDB6-40AD-B7B9-0BFE5374F7E2}.Release|Any CPU.ActiveCfg = Release|Any CPU
	EndGlobalSection
	GlobalSection(SolutionProperties) = preSolution
		HideSolutionNode = FALSE
	EndGlobalSection
	GlobalSection(ExtensibilityGlobals) = postSolution
		SolutionGuid = {942A29E2-E0AD-46C6-ABF4-C1A81EC989CD}
	EndGlobalSection
EndGlobal
